
Microsoft Visual Studio Solution File, Format Version 12.00
# Visual Studio Version 16
VisualStudioVersion = 25.0.1706.7
MinimumVisualStudioVersion = 10.0.40219.1
Project("{FAE04EC0-301F-11D3-BF4B-00C04F79EFBC}") = "FianlProject", "FianlProject\FianlProject.csproj", "{32441757-F00A-4386-85B6-53B7FB1DD63B}"
EndProject
Global
	GlobalSection(SolutionConfigurationPlatforms) = preSolution
		Debug|Any CPU = Debug|Any CPU
		Release|Any CPU = Release|Any CPU
	EndGlobalSection
	GlobalSection(ProjectConfigurationPlatforms) = postSolution
		{32441757-F00A-4386-85B6-53B7FB1DD63B}.Debug|Any CPU.ActiveCfg = Debug|Any CPU
		{32441757-F00A-4386-85B6-53B7FB1DD63B}.Debug|Any CPU.Build.0 = Debug|Any CPU
		{32441757-F00A-4386-85B6-53B7FB1DD63B}.Release|Any CPU.ActiveCfg = Release|Any CPU
		{32441757-F00A-4386-85B6-53B7FB1DD63B}.Release|Any CPU.Build.0 = Release|Any CPU
	EndGlobalSection
	GlobalSection(SolutionProperties) = preSolution
		HideSolutionNode = FALSE
	EndGlobalSection
	GlobalSection(ExtensibilityGlobals) = postSolution
		SolutionGuid = {AFB70263-6819-4DF6-9239-4C60B9EC749C}
	EndGlobalSection
EndGlobal
